
Microsoft Visual Studio Solution File, Format Version 12.00
# Visual Studio Version 16
VisualStudioVersion = 16.0.30225.117
MinimumVisualStudioVersion = 10.0.40219.1
Project("{FAE04EC0-301F-11D3-BF4B-00C04F79EFBC}") = "proverka", "proverka\proverka.csproj", "{37B481E6-6401-40FD-94BF-345C4F4678C7}"
EndProject
Global
	GlobalSection(SolutionConfigurationPlatforms) = preSolution
		Debug|Any CPU = Debug|Any CPU
		Release|Any CPU = Release|Any CPU
	EndGlobalSection
	GlobalSection(ProjectConfigurationPlatforms) = postSolution
		{37B481E6-6401-40FD-94BF-345C4F4678C7}.Debug|Any CPU.ActiveCfg = Debug|Any CPU
		{37B481E6-6401-40FD-94BF-345C4F4678C7}.Debug|Any CPU.Build.0 = Debug|Any CPU
		{37B481E6-6401-40FD-94BF-345C4F4678C7}.Release|Any CPU.ActiveCfg = Release|Any CPU
		{37B481E6-6401-40FD-94BF-345C4F4678C7}.Release|Any CPU.Build.0 = Release|Any CPU
	EndGlobalSection
	GlobalSection(SolutionProperties) = preSolution
		HideSolutionNode = FALSE
	EndGlobalSection
	GlobalSection(ExtensibilityGlobals) = postSolution
		SolutionGuid = {8F054A26-CC81-4A44-ACFD-6D4B51E415D1}
	EndGlobalSection
EndGlobal
