
Microsoft Visual Studio Solution File, Format Version 12.00
# Visual Studio Version 16
VisualStudioVersion = 16.0.30225.117
MinimumVisualStudioVersion = 10.0.40219.1
Project("{FAE04EC0-301F-11D3-BF4B-00C04F79EFBC}") = "03", "03\03.csproj", "{1671192A-5D41-4FC7-A119-BC401A826D66}"
EndProject
Project("{FAE04EC0-301F-11D3-BF4B-00C04F79EFBC}") = "04.SumChars", "04.SumChars\04.SumChars.csproj", "{89E7C3B0-D350-460B-9B72-E7E0C8B73034}"
EndProject
Project("{FAE04EC0-301F-11D3-BF4B-00C04F79EFBC}") = "ascii", "ascii\ascii.csproj", "{24A6A99A-EF41-45AE-BFE0-574BF180C0CC}"
EndProject
Global
	GlobalSection(SolutionConfigurationPlatforms) = preSolution
		Debug|Any CPU = Debug|Any CPU
		Release|Any CPU = Release|Any CPU
	EndGlobalSection
	GlobalSection(ProjectConfigurationPlatforms) = postSolution
		{1671192A-5D41-4FC7-A119-BC401A826D66}.Debug|Any CPU.ActiveCfg = Debug|Any CPU
		{1671192A-5D41-4FC7-A119-BC401A826D66}.Debug|Any CPU.Build.0 = Debug|Any CPU
		{1671192A-5D41-4FC7-A119-BC401A826D66}.Release|Any CPU.ActiveCfg = Release|Any CPU
		{1671192A-5D41-4FC7-A119-BC401A826D66}.Release|Any CPU.Build.0 = Release|Any CPU
		{89E7C3B0-D350-460B-9B72-E7E0C8B73034}.Debug|Any CPU.ActiveCfg = Debug|Any CPU
		{89E7C3B0-D350-460B-9B72-E7E0C8B73034}.Debug|Any CPU.Build.0 = Debug|Any CPU
		{89E7C3B0-D350-460B-9B72-E7E0C8B73034}.Release|Any CPU.ActiveCfg = Release|Any CPU
		{89E7C3B0-D350-460B-9B72-E7E0C8B73034}.Release|Any CPU.Build.0 = Release|Any CPU
		{24A6A99A-EF41-45AE-BFE0-574BF180C0CC}.Debug|Any CPU.ActiveCfg = Debug|Any CPU
		{24A6A99A-EF41-45AE-BFE0-574BF180C0CC}.Debug|Any CPU.Build.0 = Debug|Any CPU
		{24A6A99A-EF41-45AE-BFE0-574BF180C0CC}.Release|Any CPU.ActiveCfg = Release|Any CPU
		{24A6A99A-EF41-45AE-BFE0-574BF180C0CC}.Release|Any CPU.Build.0 = Release|Any CPU
	EndGlobalSection
	GlobalSection(SolutionProperties) = preSolution
		HideSolutionNode = FALSE
	EndGlobalSection
	GlobalSection(ExtensibilityGlobals) = postSolution
		SolutionGuid = {662ACAC1-36D2-4140-A9A0-061645CD5704}
	EndGlobalSection
EndGlobal
