
Microsoft Visual Studio Solution File, Format Version 12.00
# Visual Studio Version 16
VisualStudioVersion = 16.0.30225.117
MinimumVisualStudioVersion = 10.0.40219.1
Project("{FAE04EC0-301F-11D3-BF4B-00C04F79EFBC}") = "exam", "exam\exam.csproj", "{3B27C9CC-8C74-4E29-B31D-FC8174BA3C95}"
EndProject
Project("{FAE04EC0-301F-11D3-BF4B-00C04F79EFBC}") = "5", "5\5.csproj", "{EA6E1FDB-D51B-4B29-810A-0888814A7070}"
EndProject
Project("{FAE04EC0-301F-11D3-BF4B-00C04F79EFBC}") = "BasketballProtect", "BasketballProtect\BasketballProtect.csproj", "{D586E53A-408D-41FC-9CC1-089514A83DCF}"
EndProject
Project("{FAE04EC0-301F-11D3-BF4B-00C04F79EFBC}") = "footballResult", "footballResult\footballResult.csproj", "{364C43EE-C5E9-4249-8AE4-D9805EAF1534}"
EndProject
Project("{FAE04EC0-301F-11D3-BF4B-00C04F79EFBC}") = "tennis equipment", "tennis equipment\tennis equipment.csproj", "{08536D6C-C4DD-4CCF-8FD1-EF8EF642DD41}"
EndProject
Project("{FAE04EC0-301F-11D3-BF4B-00C04F79EFBC}") = "WordSnockerChampionate", "WordSnockerChampionate\WordSnockerChampionate.csproj", "{BE002E45-4B30-40D6-A964-6987645E4771}"
EndProject
Project("{FAE04EC0-301F-11D3-BF4B-00C04F79EFBC}") = "basketballTournaments", "basketballTournaments\basketballTournaments.csproj", "{DCA723D5-E6F9-4ECF-BF31-E89E7DF54340}"
EndProject
Project("{FAE04EC0-301F-11D3-BF4B-00C04F79EFBC}") = "ascii", "ascii\ascii.csproj", "{F81C8DA7-6A82-4C23-8C56-BD1660BC81BD}"
EndProject
Project("{FAE04EC0-301F-11D3-BF4B-00C04F79EFBC}") = "cinemaStars", "cinemaStars\cinemaStars.csproj", "{C37AFEC4-4E10-44AE-8AF0-3428B8864E3E}"
EndProject
Project("{FAE04EC0-301F-11D3-BF4B-00C04F79EFBC}") = "movieRaiting", "movieRaiting\movieRaiting.csproj", "{888D725F-2F73-49D0-8D7A-93DB107170EF}"
EndProject
Global
	GlobalSection(SolutionConfigurationPlatforms) = preSolution
		Debug|Any CPU = Debug|Any CPU
		Release|Any CPU = Release|Any CPU
	EndGlobalSection
	GlobalSection(ProjectConfigurationPlatforms) = postSolution
		{3B27C9CC-8C74-4E29-B31D-FC8174BA3C95}.Debug|Any CPU.ActiveCfg = Debug|Any CPU
		{3B27C9CC-8C74-4E29-B31D-FC8174BA3C95}.Debug|Any CPU.Build.0 = Debug|Any CPU
		{3B27C9CC-8C74-4E29-B31D-FC8174BA3C95}.Release|Any CPU.ActiveCfg = Release|Any CPU
		{3B27C9CC-8C74-4E29-B31D-FC8174BA3C95}.Release|Any CPU.Build.0 = Release|Any CPU
		{EA6E1FDB-D51B-4B29-810A-0888814A7070}.Debug|Any CPU.ActiveCfg = Debug|Any CPU
		{EA6E1FDB-D51B-4B29-810A-0888814A7070}.Debug|Any CPU.Build.0 = Debug|Any CPU
		{EA6E1FDB-D51B-4B29-810A-0888814A7070}.Release|Any CPU.ActiveCfg = Release|Any CPU
		{EA6E1FDB-D51B-4B29-810A-0888814A7070}.Release|Any CPU.Build.0 = Release|Any CPU
		{D586E53A-408D-41FC-9CC1-089514A83DCF}.Debug|Any CPU.ActiveCfg = Debug|Any CPU
		{D586E53A-408D-41FC-9CC1-089514A83DCF}.Debug|Any CPU.Build.0 = Debug|Any CPU
		{D586E53A-408D-41FC-9CC1-089514A83DCF}.Release|Any CPU.ActiveCfg = Release|Any CPU
		{D586E53A-408D-41FC-9CC1-089514A83DCF}.Release|Any CPU.Build.0 = Release|Any CPU
		{364C43EE-C5E9-4249-8AE4-D9805EAF1534}.Debug|Any CPU.ActiveCfg = Debug|Any CPU
		{364C43EE-C5E9-4249-8AE4-D9805EAF1534}.Debug|Any CPU.Build.0 = Debug|Any CPU
		{364C43EE-C5E9-4249-8AE4-D9805EAF1534}.Release|Any CPU.ActiveCfg = Release|Any CPU
		{364C43EE-C5E9-4249-8AE4-D9805EAF1534}.Release|Any CPU.Build.0 = Release|Any CPU
		{08536D6C-C4DD-4CCF-8FD1-EF8EF642DD41}.Debug|Any CPU.ActiveCfg = Debug|Any CPU
		{08536D6C-C4DD-4CCF-8FD1-EF8EF642DD41}.Debug|Any CPU.Build.0 = Debug|Any CPU
		{08536D6C-C4DD-4CCF-8FD1-EF8EF642DD41}.Release|Any CPU.ActiveCfg = Release|Any CPU
		{08536D6C-C4DD-4CCF-8FD1-EF8EF642DD41}.Release|Any CPU.Build.0 = Release|Any CPU
		{BE002E45-4B30-40D6-A964-6987645E4771}.Debug|Any CPU.ActiveCfg = Debug|Any CPU
		{BE002E45-4B30-40D6-A964-6987645E4771}.Debug|Any CPU.Build.0 = Debug|Any CPU
		{BE002E45-4B30-40D6-A964-6987645E4771}.Release|Any CPU.ActiveCfg = Release|Any CPU
		{BE002E45-4B30-40D6-A964-6987645E4771}.Release|Any CPU.Build.0 = Release|Any CPU
		{DCA723D5-E6F9-4ECF-BF31-E89E7DF54340}.Debug|Any CPU.ActiveCfg = Debug|Any CPU
		{DCA723D5-E6F9-4ECF-BF31-E89E7DF54340}.Debug|Any CPU.Build.0 = Debug|Any CPU
		{DCA723D5-E6F9-4ECF-BF31-E89E7DF54340}.Release|Any CPU.ActiveCfg = Release|Any CPU
		{DCA723D5-E6F9-4ECF-BF31-E89E7DF54340}.Release|Any CPU.Build.0 = Release|Any CPU
		{F81C8DA7-6A82-4C23-8C56-BD1660BC81BD}.Debug|Any CPU.ActiveCfg = Debug|Any CPU
		{F81C8DA7-6A82-4C23-8C56-BD1660BC81BD}.Debug|Any CPU.Build.0 = Debug|Any CPU
		{F81C8DA7-6A82-4C23-8C56-BD1660BC81BD}.Release|Any CPU.ActiveCfg = Release|Any CPU
		{F81C8DA7-6A82-4C23-8C56-BD1660BC81BD}.Release|Any CPU.Build.0 = Release|Any CPU
		{C37AFEC4-4E10-44AE-8AF0-3428B8864E3E}.Debug|Any CPU.ActiveCfg = Debug|Any CPU
		{C37AFEC4-4E10-44AE-8AF0-3428B8864E3E}.Debug|Any CPU.Build.0 = Debug|Any CPU
		{C37AFEC4-4E10-44AE-8AF0-3428B8864E3E}.Release|Any CPU.ActiveCfg = Release|Any CPU
		{C37AFEC4-4E10-44AE-8AF0-3428B8864E3E}.Release|Any CPU.Build.0 = Release|Any CPU
		{888D725F-2F73-49D0-8D7A-93DB107170EF}.Debug|Any CPU.ActiveCfg = Debug|Any CPU
		{888D725F-2F73-49D0-8D7A-93DB107170EF}.Debug|Any CPU.Build.0 = Debug|Any CPU
		{888D725F-2F73-49D0-8D7A-93DB107170EF}.Release|Any CPU.ActiveCfg = Release|Any CPU
		{888D725F-2F73-49D0-8D7A-93DB107170EF}.Release|Any CPU.Build.0 = Release|Any CPU
	EndGlobalSection
	GlobalSection(SolutionProperties) = preSolution
		HideSolutionNode = FALSE
	EndGlobalSection
	GlobalSection(ExtensibilityGlobals) = postSolution
		SolutionGuid = {A1235AF2-FC33-4809-BFC7-D1978E80514C}
	EndGlobalSection
EndGlobal
