
Microsoft Visual Studio Solution File, Format Version 12.00
# Visual Studio Version 16
VisualStudioVersion = 16.0.30225.117
MinimumVisualStudioVersion = 10.0.40219.1
Project("{FAE04EC0-301F-11D3-BF4B-00C04F79EFBC}") = "55", "55\55.csproj", "{D2F83AEE-2FEB-4AC8-A85A-E075E75D975E}"
EndProject
Global
	GlobalSection(SolutionConfigurationPlatforms) = preSolution
		Debug|Any CPU = Debug|Any CPU
		Release|Any CPU = Release|Any CPU
	EndGlobalSection
	GlobalSection(ProjectConfigurationPlatforms) = postSolution
		{D2F83AEE-2FEB-4AC8-A85A-E075E75D975E}.Debug|Any CPU.ActiveCfg = Debug|Any CPU
		{D2F83AEE-2FEB-4AC8-A85A-E075E75D975E}.Debug|Any CPU.Build.0 = Debug|Any CPU
		{D2F83AEE-2FEB-4AC8-A85A-E075E75D975E}.Release|Any CPU.ActiveCfg = Release|Any CPU
		{D2F83AEE-2FEB-4AC8-A85A-E075E75D975E}.Release|Any CPU.Build.0 = Release|Any CPU
	EndGlobalSection
	GlobalSection(SolutionProperties) = preSolution
		HideSolutionNode = FALSE
	EndGlobalSection
	GlobalSection(ExtensibilityGlobals) = postSolution
		SolutionGuid = {BA12E97F-2D98-4259-A085-D3B9FE0C43CE}
	EndGlobalSection
EndGlobal
