
Microsoft Visual Studio Solution File, Format Version 12.00
# Visual Studio Version 16
VisualStudioVersion = 16.0.30225.117
MinimumVisualStudioVersion = 10.0.40219.1
Project("{FAE04EC0-301F-11D3-BF4B-00C04F79EFBC}") = "easter", "easter\easter.csproj", "{C0B3A867-913B-4BE2-892C-97EDEC0E9874}"
EndProject
Project("{FAE04EC0-301F-11D3-BF4B-00C04F79EFBC}") = "suitcasesLoad", "suitcasesLoad\suitcasesLoad.csproj", "{A3A5B51B-FA0A-466C-AC24-AD481D49C9DA}"
EndProject
Global
	GlobalSection(SolutionConfigurationPlatforms) = preSolution
		Debug|Any CPU = Debug|Any CPU
		Release|Any CPU = Release|Any CPU
	EndGlobalSection
	GlobalSection(ProjectConfigurationPlatforms) = postSolution
		{C0B3A867-913B-4BE2-892C-97EDEC0E9874}.Debug|Any CPU.ActiveCfg = Debug|Any CPU
		{C0B3A867-913B-4BE2-892C-97EDEC0E9874}.Debug|Any CPU.Build.0 = Debug|Any CPU
		{C0B3A867-913B-4BE2-892C-97EDEC0E9874}.Release|Any CPU.ActiveCfg = Release|Any CPU
		{C0B3A867-913B-4BE2-892C-97EDEC0E9874}.Release|Any CPU.Build.0 = Release|Any CPU
		{A3A5B51B-FA0A-466C-AC24-AD481D49C9DA}.Debug|Any CPU.ActiveCfg = Debug|Any CPU
		{A3A5B51B-FA0A-466C-AC24-AD481D49C9DA}.Debug|Any CPU.Build.0 = Debug|Any CPU
		{A3A5B51B-FA0A-466C-AC24-AD481D49C9DA}.Release|Any CPU.ActiveCfg = Release|Any CPU
		{A3A5B51B-FA0A-466C-AC24-AD481D49C9DA}.Release|Any CPU.Build.0 = Release|Any CPU
	EndGlobalSection
	GlobalSection(SolutionProperties) = preSolution
		HideSolutionNode = FALSE
	EndGlobalSection
	GlobalSection(ExtensibilityGlobals) = postSolution
		SolutionGuid = {77BA1312-F1EE-428C-8C0C-FEAD9004BC8A}
	EndGlobalSection
EndGlobal
