
Microsoft Visual Studio Solution File, Format Version 12.00
# Visual Studio Version 16
VisualStudioVersion = 16.0.30204.135
MinimumVisualStudioVersion = 10.0.40219.1
Project("{FAE04EC0-301F-11D3-BF4B-00C04F79EFBC}") = "ConsoleApp1", "ConsoleApp1\ConsoleApp1.csproj", "{A43B6DB3-DD4A-45FE-8ED2-9BC5618529CC}"
EndProject
Project("{FAE04EC0-301F-11D3-BF4B-00C04F79EFBC}") = "summerOutfit", "summerOutfit\summerOutfit.csproj", "{04E33120-CEAE-4168-B72A-7F4B33F7CB0F}"
EndProject
Project("{FAE04EC0-301F-11D3-BF4B-00C04F79EFBC}") = "newHouse", "newHouse\newHouse.csproj", "{983281C9-9C8F-482B-9952-67D12229FA9B}"
EndProject
Global
	GlobalSection(SolutionConfigurationPlatforms) = preSolution
		Debug|Any CPU = Debug|Any CPU
		Release|Any CPU = Release|Any CPU
	EndGlobalSection
	GlobalSection(ProjectConfigurationPlatforms) = postSolution
		{A43B6DB3-DD4A-45FE-8ED2-9BC5618529CC}.Debug|Any CPU.ActiveCfg = Debug|Any CPU
		{A43B6DB3-DD4A-45FE-8ED2-9BC5618529CC}.Debug|Any CPU.Build.0 = Debug|Any CPU
		{A43B6DB3-DD4A-45FE-8ED2-9BC5618529CC}.Release|Any CPU.ActiveCfg = Release|Any CPU
		{A43B6DB3-DD4A-45FE-8ED2-9BC5618529CC}.Release|Any CPU.Build.0 = Release|Any CPU
		{04E33120-CEAE-4168-B72A-7F4B33F7CB0F}.Debug|Any CPU.ActiveCfg = Debug|Any CPU
		{04E33120-CEAE-4168-B72A-7F4B33F7CB0F}.Debug|Any CPU.Build.0 = Debug|Any CPU
		{04E33120-CEAE-4168-B72A-7F4B33F7CB0F}.Release|Any CPU.ActiveCfg = Release|Any CPU
		{04E33120-CEAE-4168-B72A-7F4B33F7CB0F}.Release|Any CPU.Build.0 = Release|Any CPU
		{983281C9-9C8F-482B-9952-67D12229FA9B}.Debug|Any CPU.ActiveCfg = Debug|Any CPU
		{983281C9-9C8F-482B-9952-67D12229FA9B}.Debug|Any CPU.Build.0 = Debug|Any CPU
		{983281C9-9C8F-482B-9952-67D12229FA9B}.Release|Any CPU.ActiveCfg = Release|Any CPU
		{983281C9-9C8F-482B-9952-67D12229FA9B}.Release|Any CPU.Build.0 = Release|Any CPU
	EndGlobalSection
	GlobalSection(SolutionProperties) = preSolution
		HideSolutionNode = FALSE
	EndGlobalSection
	GlobalSection(ExtensibilityGlobals) = postSolution
		SolutionGuid = {43B76488-5EC7-4D45-982D-80A30F0D8552}
	EndGlobalSection
EndGlobal
